
Microsoft Visual Studio Solution File, Format Version 12.00
# Visual Studio Version 16
VisualStudioVersion = 16.0.32630.194
MinimumVisualStudioVersion = 10.0.40219.1
Project("{FAE04EC0-301F-11D3-BF4B-00C04F79EFBC}") = "XamarinSales.UWP", "XamarinSales\XamarinSales.UWP\XamarinSales.UWP.csproj", "{7A0121CE-8E69-4BE3-AF8E-EE70A153730D}"
EndProject
Project("{FAE04EC0-301F-11D3-BF4B-00C04F79EFBC}") = "XamarinSales.Android", "XamarinSales\XamarinSales.Android\XamarinSales.Android.csproj", "{657921E9-65F1-4483-91AB-D8B17B375BC9}"
EndProject
Project("{FAE04EC0-301F-11D3-BF4B-00C04F79EFBC}") = "XamarinSales.iOS", "XamarinSales\XamarinSales.iOS\XamarinSales.iOS.csproj", "{E72C5DA1-CA4C-4579-99B3-005E2E009DBF}"
EndProject
Project("{9A19103F-16F7-4668-BE54-9A1E7A4F7556}") = "XamarinSales", "XamarinSales\XamarinSales\XamarinSales.csproj", "{5B60BC21-C821-4C57-A291-6B9B29262BF0}"
EndProject
Project("{F184B08F-C81C-45F6-A57F-5ABD9991F28F}") = "XamarinSales.backend", "XamarinSales.backend\XamarinSales.backend.vbproj", "{7BBEE09D-B677-45C0-B42D-C8036E4D973C}"
EndProject
Project("{F184B08F-C81C-45F6-A57F-5ABD9991F28F}") = "XamarinSales.Api", "XamarinSales.Api\XamarinSales.Api.vbproj", "{D6D32F76-0C36-457B-BE6A-A4DD7451D24E}"
EndProject
Project("{FAE04EC0-301F-11D3-BF4B-00C04F79EFBC}") = "XamarinSales.Domain", "XamarinSales.Domain\XamarinSales.Domain.csproj", "{14BC5AAE-1E24-41A4-8DDC-E49F2725DFB9}"
EndProject
Project("{FAE04EC0-301F-11D3-BF4B-00C04F79EFBC}") = "XamarinSales.Common", "XamarinSales.Common\XamarinSales.Common.csproj", "{7D92A6E5-6C08-4D4A-9851-E1EB5CA43FD1}"
EndProject
Global
	GlobalSection(SolutionConfigurationPlatforms) = preSolution
		Debug|Any CPU = Debug|Any CPU
		Debug|ARM = Debug|ARM
		Debug|iPhone = Debug|iPhone
		Debug|iPhoneSimulator = Debug|iPhoneSimulator
		Debug|x64 = Debug|x64
		Debug|x86 = Debug|x86
		Release|Any CPU = Release|Any CPU
		Release|ARM = Release|ARM
		Release|iPhone = Release|iPhone
		Release|iPhoneSimulator = Release|iPhoneSimulator
		Release|x64 = Release|x64
		Release|x86 = Release|x86
	EndGlobalSection
	GlobalSection(ProjectConfigurationPlatforms) = postSolution
		{7A0121CE-8E69-4BE3-AF8E-EE70A153730D}.Debug|Any CPU.ActiveCfg = Debug|x86
		{7A0121CE-8E69-4BE3-AF8E-EE70A153730D}.Debug|Any CPU.Build.0 = Debug|x86
		{7A0121CE-8E69-4BE3-AF8E-EE70A153730D}.Debug|Any CPU.Deploy.0 = Debug|x86
		{7A0121CE-8E69-4BE3-AF8E-EE70A153730D}.Debug|ARM.ActiveCfg = Debug|ARM
		{7A0121CE-8E69-4BE3-AF8E-EE70A153730D}.Debug|ARM.Build.0 = Debug|ARM
		{7A0121CE-8E69-4BE3-AF8E-EE70A153730D}.Debug|ARM.Deploy.0 = Debug|ARM
		{7A0121CE-8E69-4BE3-AF8E-EE70A153730D}.Debug|iPhone.ActiveCfg = Debug|x86
		{7A0121CE-8E69-4BE3-AF8E-EE70A153730D}.Debug|iPhone.Build.0 = Debug|x86
		{7A0121CE-8E69-4BE3-AF8E-EE70A153730D}.Debug|iPhone.Deploy.0 = Debug|x86
		{7A0121CE-8E69-4BE3-AF8E-EE70A153730D}.Debug|iPhoneSimulator.ActiveCfg = Debug|x86
		{7A0121CE-8E69-4BE3-AF8E-EE70A153730D}.Debug|iPhoneSimulator.Build.0 = Debug|x86
		{7A0121CE-8E69-4BE3-AF8E-EE70A153730D}.Debug|iPhoneSimulator.Deploy.0 = Debug|x86
		{7A0121CE-8E69-4BE3-AF8E-EE70A153730D}.Debug|x64.ActiveCfg = Debug|x64
		{7A0121CE-8E69-4BE3-AF8E-EE70A153730D}.Debug|x64.Build.0 = Debug|x64
		{7A0121CE-8E69-4BE3-AF8E-EE70A153730D}.Debug|x64.Deploy.0 = Debug|x64
		{7A0121CE-8E69-4BE3-AF8E-EE70A153730D}.Debug|x86.ActiveCfg = Debug|x86
		{7A0121CE-8E69-4BE3-AF8E-EE70A153730D}.Debug|x86.Build.0 = Debug|x86
		{7A0121CE-8E69-4BE3-AF8E-EE70A153730D}.Debug|x86.Deploy.0 = Debug|x86
		{7A0121CE-8E69-4BE3-AF8E-EE70A153730D}.Release|Any CPU.ActiveCfg = Release|x86
		{7A0121CE-8E69-4BE3-AF8E-EE70A153730D}.Release|Any CPU.Build.0 = Release|x86
		{7A0121CE-8E69-4BE3-AF8E-EE70A153730D}.Release|Any CPU.Deploy.0 = Release|x86
		{7A0121CE-8E69-4BE3-AF8E-EE70A153730D}.Release|ARM.ActiveCfg = Release|ARM
		{7A0121CE-8E69-4BE3-AF8E-EE70A153730D}.Release|ARM.Build.0 = Release|ARM
		{7A0121CE-8E69-4BE3-AF8E-EE70A153730D}.Release|ARM.Deploy.0 = Release|ARM
		{7A0121CE-8E69-4BE3-AF8E-EE70A153730D}.Release|iPhone.ActiveCfg = Release|x86
		{7A0121CE-8E69-4BE3-AF8E-EE70A153730D}.Release|iPhone.Build.0 = Release|x86
		{7A0121CE-8E69-4BE3-AF8E-EE70A153730D}.Release|iPhone.Deploy.0 = Release|x86
		{7A0121CE-8E69-4BE3-AF8E-EE70A153730D}.Release|iPhoneSimulator.ActiveCfg = Release|x86
		{7A0121CE-8E69-4BE3-AF8E-EE70A153730D}.Release|iPhoneSimulator.Build.0 = Release|x86
		{7A0121CE-8E69-4BE3-AF8E-EE70A153730D}.Release|iPhoneSimulator.Deploy.0 = Release|x86
		{7A0121CE-8E69-4BE3-AF8E-EE70A153730D}.Release|x64.ActiveCfg = Release|x64
		{7A0121CE-8E69-4BE3-AF8E-EE70A153730D}.Release|x64.Build.0 = Release|x64
		{7A0121CE-8E69-4BE3-AF8E-EE70A153730D}.Release|x64.Deploy.0 = Release|x64
		{7A0121CE-8E69-4BE3-AF8E-EE70A153730D}.Release|x86.ActiveCfg = Release|x86
		{7A0121CE-8E69-4BE3-AF8E-EE70A153730D}.Release|x86.Build.0 = Release|x86
		{7A0121CE-8E69-4BE3-AF8E-EE70A153730D}.Release|x86.Deploy.0 = Release|x86
		{657921E9-65F1-4483-91AB-D8B17B375BC9}.Debug|Any CPU.ActiveCfg = Debug|Any CPU
		{657921E9-65F1-4483-91AB-D8B17B375BC9}.Debug|Any CPU.Build.0 = Debug|Any CPU
		{657921E9-65F1-4483-91AB-D8B17B375BC9}.Debug|Any CPU.Deploy.0 = Debug|Any CPU
		{657921E9-65F1-4483-91AB-D8B17B375BC9}.Debug|ARM.ActiveCfg = Debug|Any CPU
		{657921E9-65F1-4483-91AB-D8B17B375BC9}.Debug|ARM.Build.0 = Debug|Any CPU
		{657921E9-65F1-4483-91AB-D8B17B375BC9}.Debug|ARM.Deploy.0 = Debug|Any CPU
		{657921E9-65F1-4483-91AB-D8B17B375BC9}.Debug|iPhone.ActiveCfg = Debug|Any CPU
		{657921E9-65F1-4483-91AB-D8B17B375BC9}.Debug|iPhone.Build.0 = Debug|Any CPU
		{657921E9-65F1-4483-91AB-D8B17B375BC9}.Debug|iPhone.Deploy.0 = Debug|Any CPU
		{657921E9-65F1-4483-91AB-D8B17B375BC9}.Debug|iPhoneSimulator.ActiveCfg = Debug|Any CPU
		{657921E9-65F1-4483-91AB-D8B17B375BC9}.Debug|iPhoneSimulator.Build.0 = Debug|Any CPU
		{657921E9-65F1-4483-91AB-D8B17B375BC9}.Debug|iPhoneSimulator.Deploy.0 = Debug|Any CPU
		{657921E9-65F1-4483-91AB-D8B17B375BC9}.Debug|x64.ActiveCfg = Debug|Any CPU
		{657921E9-65F1-4483-91AB-D8B17B375BC9}.Debug|x64.Build.0 = Debug|Any CPU
		{657921E9-65F1-4483-91AB-D8B17B375BC9}.Debug|x64.Deploy.0 = Debug|Any CPU
		{657921E9-65F1-4483-91AB-D8B17B375BC9}.Debug|x86.ActiveCfg = Debug|Any CPU
		{657921E9-65F1-4483-91AB-D8B17B375BC9}.Debug|x86.Build.0 = Debug|Any CPU
		{657921E9-65F1-4483-91AB-D8B17B375BC9}.Debug|x86.Deploy.0 = Debug|Any CPU
		{657921E9-65F1-4483-91AB-D8B17B375BC9}.Release|Any CPU.ActiveCfg = Release|Any CPU
		{657921E9-65F1-4483-91AB-D8B17B375BC9}.Release|Any CPU.Build.0 = Release|Any CPU
		{657921E9-65F1-4483-91AB-D8B17B375BC9}.Release|Any CPU.Deploy.0 = Release|Any CPU
		{657921E9-65F1-4483-91AB-D8B17B375BC9}.Release|ARM.ActiveCfg = Release|Any CPU
		{657921E9-65F1-4483-91AB-D8B17B375BC9}.Release|ARM.Build.0 = Release|Any CPU
		{657921E9-65F1-4483-91AB-D8B17B375BC9}.Release|ARM.Deploy.0 = Release|Any CPU
		{657921E9-65F1-4483-91AB-D8B17B375BC9}.Release|iPhone.ActiveCfg = Release|Any CPU
		{657921E9-65F1-4483-91AB-D8B17B375BC9}.Release|iPhone.Build.0 = Release|Any CPU
		{657921E9-65F1-4483-91AB-D8B17B375BC9}.Release|iPhone.Deploy.0 = Release|Any CPU
		{657921E9-65F1-4483-91AB-D8B17B375BC9}.Release|iPhoneSimulator.ActiveCfg = Release|Any CPU
		{657921E9-65F1-4483-91AB-D8B17B375BC9}.Release|iPhoneSimulator.Build.0 = Release|Any CPU
		{657921E9-65F1-4483-91AB-D8B17B375BC9}.Release|iPhoneSimulator.Deploy.0 = Release|Any CPU
		{657921E9-65F1-4483-91AB-D8B17B375BC9}.Release|x64.ActiveCfg = Release|Any CPU
		{657921E9-65F1-4483-91AB-D8B17B375BC9}.Release|x64.Build.0 = Release|Any CPU
		{657921E9-65F1-4483-91AB-D8B17B375BC9}.Release|x64.Deploy.0 = Release|Any CPU
		{657921E9-65F1-4483-91AB-D8B17B375BC9}.Release|x86.ActiveCfg = Release|Any CPU
		{657921E9-65F1-4483-91AB-D8B17B375BC9}.Release|x86.Build.0 = Release|Any CPU
		{657921E9-65F1-4483-91AB-D8B17B375BC9}.Release|x86.Deploy.0 = Release|Any CPU
		{E72C5DA1-CA4C-4579-99B3-005E2E009DBF}.Debug|Any CPU.ActiveCfg = Debug|iPhoneSimulator
		{E72C5DA1-CA4C-4579-99B3-005E2E009DBF}.Debug|Any CPU.Build.0 = Debug|iPhoneSimulator
		{E72C5DA1-CA4C-4579-99B3-005E2E009DBF}.Debug|Any CPU.Deploy.0 = Debug|iPhoneSimulator
		{E72C5DA1-CA4C-4579-99B3-005E2E009DBF}.Debug|ARM.ActiveCfg = Debug|iPhone
		{E72C5DA1-CA4C-4579-99B3-005E2E009DBF}.Debug|ARM.Build.0 = Debug|iPhone
		{E72C5DA1-CA4C-4579-99B3-005E2E009DBF}.Debug|ARM.Deploy.0 = Debug|iPhone
		{E72C5DA1-CA4C-4579-99B3-005E2E009DBF}.Debug|iPhone.ActiveCfg = Debug|iPhone
		{E72C5DA1-CA4C-4579-99B3-005E2E009DBF}.Debug|iPhone.Build.0 = Debug|iPhone
		{E72C5DA1-CA4C-4579-99B3-005E2E009DBF}.Debug|iPhone.Deploy.0 = Debug|iPhone
		{E72C5DA1-CA4C-4579-99B3-005E2E009DBF}.Debug|iPhoneSimulator.ActiveCfg = Debug|iPhoneSimulator
		{E72C5DA1-CA4C-4579-99B3-005E2E009DBF}.Debug|iPhoneSimulator.Build.0 = Debug|iPhoneSimulator
		{E72C5DA1-CA4C-4579-99B3-005E2E009DBF}.Debug|iPhoneSimulator.Deploy.0 = Debug|iPhoneSimulator
		{E72C5DA1-CA4C-4579-99B3-005E2E009DBF}.Debug|x64.ActiveCfg = Debug|iPhoneSimulator
		{E72C5DA1-CA4C-4579-99B3-005E2E009DBF}.Debug|x64.Build.0 = Debug|iPhoneSimulator
		{E72C5DA1-CA4C-4579-99B3-005E2E009DBF}.Debug|x64.Deploy.0 = Debug|iPhoneSimulator
		{E72C5DA1-CA4C-4579-99B3-005E2E009DBF}.Debug|x86.ActiveCfg = Debug|iPhoneSimulator
		{E72C5DA1-CA4C-4579-99B3-005E2E009DBF}.Debug|x86.Build.0 = Debug|iPhoneSimulator
		{E72C5DA1-CA4C-4579-99B3-005E2E009DBF}.Debug|x86.Deploy.0 = Debug|iPhoneSimulator
		{E72C5DA1-CA4C-4579-99B3-005E2E009DBF}.Release|Any CPU.ActiveCfg = Release|iPhoneSimulator
		{E72C5DA1-CA4C-4579-99B3-005E2E009DBF}.Release|Any CPU.Build.0 = Release|iPhoneSimulator
		{E72C5DA1-CA4C-4579-99B3-005E2E009DBF}.Release|Any CPU.Deploy.0 = Release|iPhoneSimulator
		{E72C5DA1-CA4C-4579-99B3-005E2E009DBF}.Release|ARM.ActiveCfg = Release|iPhoneSimulator
		{E72C5DA1-CA4C-4579-99B3-005E2E009DBF}.Release|ARM.Build.0 = Release|iPhoneSimulator
		{E72C5DA1-CA4C-4579-99B3-005E2E009DBF}.Release|ARM.Deploy.0 = Release|iPhoneSimulator
		{E72C5DA1-CA4C-4579-99B3-005E2E009DBF}.Release|iPhone.ActiveCfg = Release|iPhone
		{E72C5DA1-CA4C-4579-99B3-005E2E009DBF}.Release|iPhone.Build.0 = Release|iPhone
		{E72C5DA1-CA4C-4579-99B3-005E2E009DBF}.Release|iPhone.Deploy.0 = Release|iPhone
		{E72C5DA1-CA4C-4579-99B3-005E2E009DBF}.Release|iPhoneSimulator.ActiveCfg = Release|iPhoneSimulator
		{E72C5DA1-CA4C-4579-99B3-005E2E009DBF}.Release|iPhoneSimulator.Build.0 = Release|iPhoneSimulator
		{E72C5DA1-CA4C-4579-99B3-005E2E009DBF}.Release|iPhoneSimulator.Deploy.0 = Release|iPhoneSimulator
		{E72C5DA1-CA4C-4579-99B3-005E2E009DBF}.Release|x64.ActiveCfg = Release|iPhoneSimulator
		{E72C5DA1-CA4C-4579-99B3-005E2E009DBF}.Release|x64.Build.0 = Release|iPhoneSimulator
		{E72C5DA1-CA4C-4579-99B3-005E2E009DBF}.Release|x64.Deploy.0 = Release|iPhoneSimulator
		{E72C5DA1-CA4C-4579-99B3-005E2E009DBF}.Release|x86.ActiveCfg = Release|iPhoneSimulator
		{E72C5DA1-CA4C-4579-99B3-005E2E009DBF}.Release|x86.Build.0 = Release|iPhoneSimulator
		{E72C5DA1-CA4C-4579-99B3-005E2E009DBF}.Release|x86.Deploy.0 = Release|iPhoneSimulator
		{5B60BC21-C821-4C57-A291-6B9B29262BF0}.Debug|Any CPU.ActiveCfg = Debug|Any CPU
		{5B60BC21-C821-4C57-A291-6B9B29262BF0}.Debug|Any CPU.Build.0 = Debug|Any CPU
		{5B60BC21-C821-4C57-A291-6B9B29262BF0}.Debug|Any CPU.Deploy.0 = Debug|Any CPU
		{5B60BC21-C821-4C57-A291-6B9B29262BF0}.Debug|ARM.ActiveCfg = Debug|Any CPU
		{5B60BC21-C821-4C57-A291-6B9B29262BF0}.Debug|ARM.Build.0 = Debug|Any CPU
		{5B60BC21-C821-4C57-A291-6B9B29262BF0}.Debug|ARM.Deploy.0 = Debug|Any CPU
		{5B60BC21-C821-4C57-A291-6B9B29262BF0}.Debug|iPhone.ActiveCfg = Debug|Any CPU
		{5B60BC21-C821-4C57-A291-6B9B29262BF0}.Debug|iPhone.Build.0 = Debug|Any CPU
		{5B60BC21-C821-4C57-A291-6B9B29262BF0}.Debug|iPhone.Deploy.0 = Debug|Any CPU
		{5B60BC21-C821-4C57-A291-6B9B29262BF0}.Debug|iPhoneSimulator.ActiveCfg = Debug|Any CPU
		{5B60BC21-C821-4C57-A291-6B9B29262BF0}.Debug|iPhoneSimulator.Build.0 = Debug|Any CPU
		{5B60BC21-C821-4C57-A291-6B9B29262BF0}.Debug|iPhoneSimulator.Deploy.0 = Debug|Any CPU
		{5B60BC21-C821-4C57-A291-6B9B29262BF0}.Debug|x64.ActiveCfg = Debug|Any CPU
		{5B60BC21-C821-4C57-A291-6B9B29262BF0}.Debug|x64.Build.0 = Debug|Any CPU
		{5B60BC21-C821-4C57-A291-6B9B29262BF0}.Debug|x64.Deploy.0 = Debug|Any CPU
		{5B60BC21-C821-4C57-A291-6B9B29262BF0}.Debug|x86.ActiveCfg = Debug|Any CPU
		{5B60BC21-C821-4C57-A291-6B9B29262BF0}.Debug|x86.Build.0 = Debug|Any CPU
		{5B60BC21-C821-4C57-A291-6B9B29262BF0}.Debug|x86.Deploy.0 = Debug|Any CPU
		{5B60BC21-C821-4C57-A291-6B9B29262BF0}.Release|Any CPU.ActiveCfg = Release|Any CPU
		{5B60BC21-C821-4C57-A291-6B9B29262BF0}.Release|Any CPU.Build.0 = Release|Any CPU
		{5B60BC21-C821-4C57-A291-6B9B29262BF0}.Release|Any CPU.Deploy.0 = Release|Any CPU
		{5B60BC21-C821-4C57-A291-6B9B29262BF0}.Release|ARM.ActiveCfg = Release|Any CPU
		{5B60BC21-C821-4C57-A291-6B9B29262BF0}.Release|ARM.Build.0 = Release|Any CPU
		{5B60BC21-C821-4C57-A291-6B9B29262BF0}.Release|ARM.Deploy.0 = Release|Any CPU
		{5B60BC21-C821-4C57-A291-6B9B29262BF0}.Release|iPhone.ActiveCfg = Release|Any CPU
		{5B60BC21-C821-4C57-A291-6B9B29262BF0}.Release|iPhone.Build.0 = Release|Any CPU
		{5B60BC21-C821-4C57-A291-6B9B29262BF0}.Release|iPhone.Deploy.0 = Release|Any CPU
		{5B60BC21-C821-4C57-A291-6B9B29262BF0}.Release|iPhoneSimulator.ActiveCfg = Release|Any CPU
		{5B60BC21-C821-4C57-A291-6B9B29262BF0}.Release|iPhoneSimulator.Build.0 = Release|Any CPU
		{5B60BC21-C821-4C57-A291-6B9B29262BF0}.Release|iPhoneSimulator.Deploy.0 = Release|Any CPU
		{5B60BC21-C821-4C57-A291-6B9B29262BF0}.Release|x64.ActiveCfg = Release|Any CPU
		{5B60BC21-C821-4C57-A291-6B9B29262BF0}.Release|x64.Build.0 = Release|Any CPU
		{5B60BC21-C821-4C57-A291-6B9B29262BF0}.Release|x64.Deploy.0 = Release|Any CPU
		{5B60BC21-C821-4C57-A291-6B9B29262BF0}.Release|x86.ActiveCfg = Release|Any CPU
		{5B60BC21-C821-4C57-A291-6B9B29262BF0}.Release|x86.Build.0 = Release|Any CPU
		{5B60BC21-C821-4C57-A291-6B9B29262BF0}.Release|x86.Deploy.0 = Release|Any CPU
		{7BBEE09D-B677-45C0-B42D-C8036E4D973C}.Debug|Any CPU.ActiveCfg = Debug|Any CPU
		{7BBEE09D-B677-45C0-B42D-C8036E4D973C}.Debug|Any CPU.Build.0 = Debug|Any CPU
		{7BBEE09D-B677-45C0-B42D-C8036E4D973C}.Debug|ARM.ActiveCfg = Debug|Any CPU
		{7BBEE09D-B677-45C0-B42D-C8036E4D973C}.Debug|ARM.Build.0 = Debug|Any CPU
		{7BBEE09D-B677-45C0-B42D-C8036E4D973C}.Debug|iPhone.ActiveCfg = Debug|Any CPU
		{7BBEE09D-B677-45C0-B42D-C8036E4D973C}.Debug|iPhone.Build.0 = Debug|Any CPU
		{7BBEE09D-B677-45C0-B42D-C8036E4D973C}.Debug|iPhoneSimulator.ActiveCfg = Debug|Any CPU
		{7BBEE09D-B677-45C0-B42D-C8036E4D973C}.Debug|iPhoneSimulator.Build.0 = Debug|Any CPU
		{7BBEE09D-B677-45C0-B42D-C8036E4D973C}.Debug|x64.ActiveCfg = Debug|Any CPU
		{7BBEE09D-B677-45C0-B42D-C8036E4D973C}.Debug|x64.Build.0 = Debug|Any CPU
		{7BBEE09D-B677-45C0-B42D-C8036E4D973C}.Debug|x86.ActiveCfg = Debug|Any CPU
		{7BBEE09D-B677-45C0-B42D-C8036E4D973C}.Debug|x86.Build.0 = Debug|Any CPU
		{7BBEE09D-B677-45C0-B42D-C8036E4D973C}.Release|Any CPU.ActiveCfg = Release|Any CPU
		{7BBEE09D-B677-45C0-B42D-C8036E4D973C}.Release|Any CPU.Build.0 = Release|Any CPU
		{7BBEE09D-B677-45C0-B42D-C8036E4D973C}.Release|ARM.ActiveCfg = Release|Any CPU
		{7BBEE09D-B677-45C0-B42D-C8036E4D973C}.Release|ARM.Build.0 = Release|Any CPU
		{7BBEE09D-B677-45C0-B42D-C8036E4D973C}.Release|iPhone.ActiveCfg = Release|Any CPU
		{7BBEE09D-B677-45C0-B42D-C8036E4D973C}.Release|iPhone.Build.0 = Release|Any CPU
		{7BBEE09D-B677-45C0-B42D-C8036E4D973C}.Release|iPhoneSimulator.ActiveCfg = Release|Any CPU
		{7BBEE09D-B677-45C0-B42D-C8036E4D973C}.Release|iPhoneSimulator.Build.0 = Release|Any CPU
		{7BBEE09D-B677-45C0-B42D-C8036E4D973C}.Release|x64.ActiveCfg = Release|Any CPU
		{7BBEE09D-B677-45C0-B42D-C8036E4D973C}.Release|x64.Build.0 = Release|Any CPU
		{7BBEE09D-B677-45C0-B42D-C8036E4D973C}.Release|x86.ActiveCfg = Release|Any CPU
		{7BBEE09D-B677-45C0-B42D-C8036E4D973C}.Release|x86.Build.0 = Release|Any CPU
		{D6D32F76-0C36-457B-BE6A-A4DD7451D24E}.Debug|Any CPU.ActiveCfg = Debug|Any CPU
		{D6D32F76-0C36-457B-BE6A-A4DD7451D24E}.Debug|Any CPU.Build.0 = Debug|Any CPU
		{D6D32F76-0C36-457B-BE6A-A4DD7451D24E}.Debug|ARM.ActiveCfg = Debug|Any CPU
		{D6D32F76-0C36-457B-BE6A-A4DD7451D24E}.Debug|ARM.Build.0 = Debug|Any CPU
		{D6D32F76-0C36-457B-BE6A-A4DD7451D24E}.Debug|iPhone.ActiveCfg = Debug|Any CPU
		{D6D32F76-0C36-457B-BE6A-A4DD7451D24E}.Debug|iPhone.Build.0 = Debug|Any CPU
		{D6D32F76-0C36-457B-BE6A-A4DD7451D24E}.Debug|iPhoneSimulator.ActiveCfg = Debug|Any CPU
		{D6D32F76-0C36-457B-BE6A-A4DD7451D24E}.Debug|iPhoneSimulator.Build.0 = Debug|Any CPU
		{D6D32F76-0C36-457B-BE6A-A4DD7451D24E}.Debug|x64.ActiveCfg = Debug|Any CPU
		{D6D32F76-0C36-457B-BE6A-A4DD7451D24E}.Debug|x64.Build.0 = Debug|Any CPU
		{D6D32F76-0C36-457B-BE6A-A4DD7451D24E}.Debug|x86.ActiveCfg = Debug|Any CPU
		{D6D32F76-0C36-457B-BE6A-A4DD7451D24E}.Debug|x86.Build.0 = Debug|Any CPU
		{D6D32F76-0C36-457B-BE6A-A4DD7451D24E}.Release|Any CPU.ActiveCfg = Release|Any CPU
		{D6D32F76-0C36-457B-BE6A-A4DD7451D24E}.Release|Any CPU.Build.0 = Release|Any CPU
		{D6D32F76-0C36-457B-BE6A-A4DD7451D24E}.Release|ARM.ActiveCfg = Release|Any CPU
		{D6D32F76-0C36-457B-BE6A-A4DD7451D24E}.Release|ARM.Build.0 = Release|Any CPU
		{D6D32F76-0C36-457B-BE6A-A4DD7451D24E}.Release|iPhone.ActiveCfg = Release|Any CPU
		{D6D32F76-0C36-457B-BE6A-A4DD7451D24E}.Release|iPhone.Build.0 = Release|Any CPU
		{D6D32F76-0C36-457B-BE6A-A4DD7451D24E}.Release|iPhoneSimulator.ActiveCfg = Release|Any CPU
		{D6D32F76-0C36-457B-BE6A-A4DD7451D24E}.Release|iPhoneSimulator.Build.0 = Release|Any CPU
		{D6D32F76-0C36-457B-BE6A-A4DD7451D24E}.Release|x64.ActiveCfg = Release|Any CPU
		{D6D32F76-0C36-457B-BE6A-A4DD7451D24E}.Release|x64.Build.0 = Release|Any CPU
		{D6D32F76-0C36-457B-BE6A-A4DD7451D24E}.Release|x86.ActiveCfg = Release|Any CPU
		{D6D32F76-0C36-457B-BE6A-A4DD7451D24E}.Release|x86.Build.0 = Release|Any CPU
		{14BC5AAE-1E24-41A4-8DDC-E49F2725DFB9}.Debug|Any CPU.ActiveCfg = Debug|Any CPU
		{14BC5AAE-1E24-41A4-8DDC-E49F2725DFB9}.Debug|Any CPU.Build.0 = Debug|Any CPU
		{14BC5AAE-1E24-41A4-8DDC-E49F2725DFB9}.Debug|ARM.ActiveCfg = Debug|Any CPU
		{14BC5AAE-1E24-41A4-8DDC-E49F2725DFB9}.Debug|ARM.Build.0 = Debug|Any CPU
		{14BC5AAE-1E24-41A4-8DDC-E49F2725DFB9}.Debug|iPhone.ActiveCfg = Debug|Any CPU
		{14BC5AAE-1E24-41A4-8DDC-E49F2725DFB9}.Debug|iPhone.Build.0 = Debug|Any CPU
		{14BC5AAE-1E24-41A4-8DDC-E49F2725DFB9}.Debug|iPhoneSimulator.ActiveCfg = Debug|Any CPU
		{14BC5AAE-1E24-41A4-8DDC-E49F2725DFB9}.Debug|iPhoneSimulator.Build.0 = Debug|Any CPU
		{14BC5AAE-1E24-41A4-8DDC-E49F2725DFB9}.Debug|x64.ActiveCfg = Debug|Any CPU
		{14BC5AAE-1E24-41A4-8DDC-E49F2725DFB9}.Debug|x64.Build.0 = Debug|Any CPU
		{14BC5AAE-1E24-41A4-8DDC-E49F2725DFB9}.Debug|x86.ActiveCfg = Debug|Any CPU
		{14BC5AAE-1E24-41A4-8DDC-E49F2725DFB9}.Debug|x86.Build.0 = Debug|Any CPU
		{14BC5AAE-1E24-41A4-8DDC-E49F2725DFB9}.Release|Any CPU.ActiveCfg = Release|Any CPU
		{14BC5AAE-1E24-41A4-8DDC-E49F2725DFB9}.Release|Any CPU.Build.0 = Release|Any CPU
		{14BC5AAE-1E24-41A4-8DDC-E49F2725DFB9}.Release|ARM.ActiveCfg = Release|Any CPU
		{14BC5AAE-1E24-41A4-8DDC-E49F2725DFB9}.Release|ARM.Build.0 = Release|Any CPU
		{14BC5AAE-1E24-41A4-8DDC-E49F2725DFB9}.Release|iPhone.ActiveCfg = Release|Any CPU
		{14BC5AAE-1E24-41A4-8DDC-E49F2725DFB9}.Release|iPhone.Build.0 = Release|Any CPU
		{14BC5AAE-1E24-41A4-8DDC-E49F2725DFB9}.Release|iPhoneSimulator.ActiveCfg = Release|Any CPU
		{14BC5AAE-1E24-41A4-8DDC-E49F2725DFB9}.Release|iPhoneSimulator.Build.0 = Release|Any CPU
		{14BC5AAE-1E24-41A4-8DDC-E49F2725DFB9}.Release|x64.ActiveCfg = Release|Any CPU
		{14BC5AAE-1E24-41A4-8DDC-E49F2725DFB9}.Release|x64.Build.0 = Release|Any CPU
		{14BC5AAE-1E24-41A4-8DDC-E49F2725DFB9}.Release|x86.ActiveCfg = Release|Any CPU
		{14BC5AAE-1E24-41A4-8DDC-E49F2725DFB9}.Release|x86.Build.0 = Release|Any CPU
		{7D92A6E5-6C08-4D4A-9851-E1EB5CA43FD1}.Debug|Any CPU.ActiveCfg = Debug|Any CPU
		{7D92A6E5-6C08-4D4A-9851-E1EB5CA43FD1}.Debug|Any CPU.Build.0 = Debug|Any CPU
		{7D92A6E5-6C08-4D4A-9851-E1EB5CA43FD1}.Debug|ARM.ActiveCfg = Debug|Any CPU
		{7D92A6E5-6C08-4D4A-9851-E1EB5CA43FD1}.Debug|ARM.Build.0 = Debug|Any CPU
		{7D92A6E5-6C08-4D4A-9851-E1EB5CA43FD1}.Debug|iPhone.ActiveCfg = Debug|Any CPU
		{7D92A6E5-6C08-4D4A-9851-E1EB5CA43FD1}.Debug|iPhone.Build.0 = Debug|Any CPU
		{7D92A6E5-6C08-4D4A-9851-E1EB5CA43FD1}.Debug|iPhoneSimulator.ActiveCfg = Debug|Any CPU
		{7D92A6E5-6C08-4D4A-9851-E1EB5CA43FD1}.Debug|iPhoneSimulator.Build.0 = Debug|Any CPU
		{7D92A6E5-6C08-4D4A-9851-E1EB5CA43FD1}.Debug|x64.ActiveCfg = Debug|Any CPU
		{7D92A6E5-6C08-4D4A-9851-E1EB5CA43FD1}.Debug|x64.Build.0 = Debug|Any CPU
		{7D92A6E5-6C08-4D4A-9851-E1EB5CA43FD1}.Debug|x86.ActiveCfg = Debug|Any CPU
		{7D92A6E5-6C08-4D4A-9851-E1EB5CA43FD1}.Debug|x86.Build.0 = Debug|Any CPU
		{7D92A6E5-6C08-4D4A-9851-E1EB5CA43FD1}.Release|Any CPU.ActiveCfg = Release|Any CPU
		{7D92A6E5-6C08-4D4A-9851-E1EB5CA43FD1}.Release|Any CPU.Build.0 = Release|Any CPU
		{7D92A6E5-6C08-4D4A-9851-E1EB5CA43FD1}.Release|ARM.ActiveCfg = Release|Any CPU
		{7D92A6E5-6C08-4D4A-9851-E1EB5CA43FD1}.Release|ARM.Build.0 = Release|Any CPU
		{7D92A6E5-6C08-4D4A-9851-E1EB5CA43FD1}.Release|iPhone.ActiveCfg = Release|Any CPU
		{7D92A6E5-6C08-4D4A-9851-E1EB5CA43FD1}.Release|iPhone.Build.0 = Release|Any CPU
		{7D92A6E5-6C08-4D4A-9851-E1EB5CA43FD1}.Release|iPhoneSimulator.ActiveCfg = Release|Any CPU
		{7D92A6E5-6C08-4D4A-9851-E1EB5CA43FD1}.Release|iPhoneSimulator.Build.0 = Release|Any CPU
		{7D92A6E5-6C08-4D4A-9851-E1EB5CA43FD1}.Release|x64.ActiveCfg = Release|Any CPU
		{7D92A6E5-6C08-4D4A-9851-E1EB5CA43FD1}.Release|x64.Build.0 = Release|Any CPU
		{7D92A6E5-6C08-4D4A-9851-E1EB5CA43FD1}.Release|x86.ActiveCfg = Release|Any CPU
		{7D92A6E5-6C08-4D4A-9851-E1EB5CA43FD1}.Release|x86.Build.0 = Release|Any CPU
	EndGlobalSection
	GlobalSection(SolutionProperties) = preSolution
		HideSolutionNode = FALSE
	EndGlobalSection
	GlobalSection(ExtensibilityGlobals) = postSolution
		SolutionGuid = {FA159EF3-D55E-4827-892D-319FE019B29B}
	EndGlobalSection
EndGlobal
